{
  "name": "wino-blogger",
  "version": "0.7.1",
  "lockfileVersion": 2,
  "requires": true,
  "packages": {
    "": {

      "name": "wino-blogger",
      "version": "0.7.1",
      "license": "ISC",
      "dependencies": {
        "wino-blogger": "^0.7.1"
      }
    },
    "node_modules/wino-blogger": {
      "version": "0.7.1",
      "resolved": "https://registry.npmjs.org/wino-blogger/-/wino-blogger-0.7.1.tgz",
      "integrity": "sha512-QZku1iOEGNL91Xp15MhtS6jqBqkU+aQSLm8krNyAF3jLnAR5SVSmDZbXs7uDHrZf7la/2/luBC+X7EkeNDy2qg=="
    }
  },
  "dependencies": {
    "wino-blogger": {
      "version": "0.7.1",
      "resolved": "https://registry.npmjs.org/wino-blogger/-/wino-blogger-0.7.1.tgz",
      "integrity": "sha512-QZku1iOEGNL91Xp15MhtS6jqBqkU+aQSLm8krNyAF3jLnAR5SVSmDZbXs7uDHrZf7la/2/luBC+X7EkeNDy2qg=="

    }
  }
}
