{
  "name": "use-blogger",
  "version": "0.9.1",
  "lockfileVersion": 2,
  "requires": true,
  "packages": {
    "": {
      "name": "use-blogger",
      "version": "0.9.1",
      "license": "ISC",
      "dependencies": {
        "use-blogger": "^0.9.1"
      }
    },
    "node_modules/use-blogger": {
      "version": "0.9.1",
      "resolved": "https://registry.npmjs.org/use-blogger/-/use-blogger-0.9.1.tgz",
      "integrity": "sha512-zbJtAoCIJadgwfu13bbkCQdASVnKQn7KjJwZI1hN5OUtrDIV7GMp1PTq2+ixC78W4oH1b3UoHYLdllGenv+S8g==",
      "dependencies": {
        "use-blogger": "^0.9.1"
      }
    }
  },
  "dependencies": {
    "use-blogger": {
      "version": "0.9.1",
      "resolved": "https://registry.npmjs.org/use-blogger/-/use-blogger-0.9.1.tgz",
      "integrity": "sha512-zbJtAoCIJadgwfu13bbkCQdASVnKQn7KjJwZI1hN5OUtrDIV7GMp1PTq2+ixC78W4oH1b3UoHYLdllGenv+S8g==",
      "requires": {
        "use-blogger": "^0.9.1"
      }
    }
  }
}
